
Microsoft Visual Studio Solution File, Format Version 12.00
Project("{FAE04EC0-301F-11D3-BF4B-00C04F79EFBC}") = "FileCategorization_Api", "FileCategorization_Api\FileCategorization_Api.csproj", "{266E551C-5E1D-4129-B02E-8A87DDA62F6B}"
EndProject
Project("{FAE04EC0-301F-11D3-BF4B-00C04F79EFBC}") = "FileCategorization_Shared", "FileCategorization_Shared\FileCategorization_Shared.csproj", "{832ECD80-8336-4639-90EC-AF279279EC18}"
EndProject
Project("{FAE04EC0-301F-11D3-BF4B-00C04F79EFBC}") = "FileCategorization_Web", "FileCategorization_Web\FileCategorization_Web.csproj", "{3CAB17B4-E37A-47F4-940D-3C6D1C0A5CC3}"
EndProject
Global
	GlobalSection(SolutionConfigurationPlatforms) = preSolution
		Debug|Any CPU = Debug|Any CPU
		Release|Any CPU = Release|Any CPU
	EndGlobalSection
	GlobalSection(ProjectConfigurationPlatforms) = postSolution
		{266E551C-5E1D-4129-B02E-8A87DDA62F6B}.Debug|Any CPU.ActiveCfg = Debug|Any CPU
		{266E551C-5E1D-4129-B02E-8A87DDA62F6B}.Debug|Any CPU.Build.0 = Debug|Any CPU
		{266E551C-5E1D-4129-B02E-8A87DDA62F6B}.Release|Any CPU.ActiveCfg = Release|Any CPU
		{266E551C-5E1D-4129-B02E-8A87DDA62F6B}.Release|Any CPU.Build.0 = Release|Any CPU
		{832ECD80-8336-4639-90EC-AF279279EC18}.Debug|Any CPU.ActiveCfg = Debug|Any CPU
		{832ECD80-8336-4639-90EC-AF279279EC18}.Debug|Any CPU.Build.0 = Debug|Any CPU
		{832ECD80-8336-4639-90EC-AF279279EC18}.Release|Any CPU.ActiveCfg = Release|Any CPU
		{832ECD80-8336-4639-90EC-AF279279EC18}.Release|Any CPU.Build.0 = Release|Any CPU
		{3CAB17B4-E37A-47F4-940D-3C6D1C0A5CC3}.Debug|Any CPU.ActiveCfg = Debug|Any CPU
		{3CAB17B4-E37A-47F4-940D-3C6D1C0A5CC3}.Debug|Any CPU.Build.0 = Debug|Any CPU
		{3CAB17B4-E37A-47F4-940D-3C6D1C0A5CC3}.Release|Any CPU.ActiveCfg = Release|Any CPU
		{3CAB17B4-E37A-47F4-940D-3C6D1C0A5CC3}.Release|Any CPU.Build.0 = Release|Any CPU
	EndGlobalSection
EndGlobal
